PODS:
  - Amplitude (7.2.1)
  - Hero (1.5.0)
  - LGButton (1.1.6)
  - lottie-ios (3.1.9)
  - Mixpanel-swift (2.8.1):
    - Mixpanel-swift/Complete (= 2.8.1)
  - Mixpanel-swift/Complete (2.8.1)
  - NVActivityIndicatorView (4.8.0):
    - NVActivityIndicatorView/Presenter (= 4.8.0)
  - NVActivityIndicatorView/Presenter (4.8.0)
  - PDFGenerator (3.1.0)
  - PhoneNumberKit (3.3.1):
    - PhoneNumberKit/PhoneNumberKitCore (= 3.3.1)
    - PhoneNumberKit/UIKit (= 3.3.1)
  - PhoneNumberKit/PhoneNumberKitCore (3.3.1)
  - PhoneNumberKit/UIKit (3.3.1):
    - PhoneNumberKit/PhoneNumberKitCore
  - PMAlertController (4.0.1)
  - Purchases (3.9.2):
    - PurchasesCoreSwift (= 3.9.2)
  - PurchasesCoreSwift (3.9.2)
  - QuickLayout (3.0.0)
  - SnapKit (5.0.1)
  - SwiftDate (6.3.1)
  - SwiftEntryKit (1.2.6):
    - QuickLayout (= 3.0.0)
  - SwiftLint (0.42.0)
  - Tatsi (1.2.1)
  - TPPDF (2.3.2)
  - TTInAppPurchases (0.1.0):
    - Amplitude
    - LGButton
    - lottie-ios
    - Mixpanel-swift
    - NVActivityIndicatorView (~> 4.8.0)
    - PhoneNumberKit
    - Purchases
    - SwiftDate
    - SwiftEntryKit
  - WeScan (1.7.0)

DEPENDENCIES:
  - Hero
  - LGButton
  - lottie-ios
  - PDFGenerator (~> 3.1)
  - PMAlertController
  - Purchases
  - SnapKit (~> 5.0.0)
  - SwiftLint
  - Tatsi
  - TPPDF
  - TTInAppPurchases (from `~/Documents/Develop/TTInAppPurchases`)
  - WeScan (>= 0.9)

SPEC REPOS:
  https://github.com/CocoaPods/Specs.git:
    - Amplitude
    - Hero
    - LGButton
    - lottie-ios
    - Mixpanel-swift
    - NVActivityIndicatorView
    - PDFGenerator
    - PhoneNumberKit
    - PMAlertController
    - Purchases
    - PurchasesCoreSwift
    - QuickLayout
    - SnapKit
    - SwiftDate
    - SwiftEntryKit
    - SwiftLint
    - Tatsi
    - TPPDF
    - WeScan

EXTERNAL SOURCES:
  TTInAppPurchases:
    :path: "~/Documents/Develop/TTInAppPurchases"

SPEC CHECKSUMS:
  Amplitude: 70316573d6174f0a467853b460f2f319af3aa0b3
  Hero: b7385b75e7259da62f4f85462f59a5082d66b058
  LGButton: 9f0a7f9d3030e3f504108342f6b66d64a429371b
  lottie-ios: 3a3758ef5a008e762faec9c9d50a39842f26d124
  Mixpanel-swift: 9d3a2597ef015f187abae0bfa5fda5997d5e4429
  NVActivityIndicatorView: d24b7ebcf80af5dcd994adb650e2b6c93379270f
  PDFGenerator: 17d6bc525db0a3fcd156fbf00f9d1b8d5cc75d1e
  PhoneNumberKit: ff153d5e299f6da566cb73c6aa71e354933b2932
  PMAlertController: ab5fcf4d085b7878c9451466d701449c4bf6efb8
  Purchases: d8a798c9c7552fe66b550bf314a143e94ffa70c8
  PurchasesCoreSwift: ea4eabae180416e580ac60366f41aa1fefec0693
  QuickLayout: 07b45a72b10083fee3f095990cfed1c1e7b27f0a
  SnapKit: 97b92857e3df3a0c71833cce143274bf6ef8e5eb
  SwiftDate: 72d28954e8e1c6c1c0f917ccc8005e4f83c7d4b2
  SwiftEntryKit: 96a2fa90b2631bbbfac50d18449e9ca3d0635f13
  SwiftLint: 4fa9579c63416865179bc416f0a92d55f009600d
  Tatsi: 12ac525e0e8477645d707d4f356f85cb60182f80
  TPPDF: 000c670ca79d0b00c62dcc32b168c6f691dc92a5
  TTInAppPurchases: a7359b2d60dbd93ff3f288625429478be02cfdbb
  WeScan: fed582f6c38014d529afb5aa9ffd1bad38fc72b7

PODFILE CHECKSUM: cb4be72d82a6bc4a2ee1a37304f9d1fcabdc7f71

COCOAPODS: 1.10.0
