// !$*UTF8*$!
{
	archiveVersion = 1;
	classes = {
	};
	objectVersion = 51;
	objects = {

/* Begin PBXBuildFile section */
		0224719625F5E4E3007D70FC /* ScannerVC.swift in Sources */ = {isa = PBXBuildFile; fileRef = 0224719425F5E4E3007D70FC /* ScannerVC.swift */; };
		0224719725F5E4E3007D70FC /* ScannerVC.xib in Resources */ = {isa = PBXBuildFile; fileRef = 0224719525F5E4E3007D70FC /* ScannerVC.xib */; };
		022471AA25F63731007D70FC /* EditImageVC.swift in Sources */ = {isa = PBXBuildFile; fileRef = 022471A825F63731007D70FC /* EditImageVC.swift */; };
		022471AB25F63731007D70FC /* EditImageVC.xib in Resources */ = {isa = PBXBuildFile; fileRef = 022471A925F63731007D70FC /* EditImageVC.xib */; };
		025BDA8625F09AA1000834AE /* AppDelegate.swift in Sources */ = {isa = PBXBuildFile; fileRef = 025BDA8525F09AA1000834AE /* AppDelegate.swift */; };
		025BDA8825F09AA1000834AE /* SceneDelegate.swift in Sources */ = {isa = PBXBuildFile; fileRef = 025BDA8725F09AA1000834AE /* SceneDelegate.swift */; };
		025BDA8A25F09AA1000834AE /* ViewController.swift in Sources */ = {isa = PBXBuildFile; fileRef = 025BDA8925F09AA1000834AE /* ViewController.swift */; };
		025BDA8D25F09AA1000834AE /* Main.storyboard in Resources */ = {isa = PBXBuildFile; fileRef = 025BDA8B25F09AA1000834AE /* Main.storyboard */; };
		025BDA8F25F09AA6000834AE /* Assets.xcassets in Resources */ = {isa = PBXBuildFile; fileRef = 025BDA8E25F09AA6000834AE /* Assets.xcassets */; };
		025BDA9225F09AA6000834AE /* LaunchScreen.storyboard in Resources */ = {isa = PBXBuildFile; fileRef = 025BDA9025F09AA6000834AE /* LaunchScreen.storyboard */; };
		025BDA9E25F09E12000834AE /* Coordinator.swift in Sources */ = {isa = PBXBuildFile; fileRef = 025BDA9D25F09E12000834AE /* Coordinator.swift */; };
		025BDAA425F0A05E000834AE /* HomeViewController.swift in Sources */ = {isa = PBXBuildFile; fileRef = 025BDAA225F0A05E000834AE /* HomeViewController.swift */; };
		025BDAA525F0A05E000834AE /* HomeViewController.xib in Resources */ = {isa = PBXBuildFile; fileRef = 025BDAA325F0A05E000834AE /* HomeViewController.xib */; };
		025BDAA825F0A5B2000834AE /* ApplicationCoordinator.swift in Sources */ = {isa = PBXBuildFile; fileRef = 025BDAA725F0A5B2000834AE /* ApplicationCoordinator.swift */; };
		025BDAB125F0D394000834AE /* PickDocumentCoordinator.swift in Sources */ = {isa = PBXBuildFile; fileRef = 025BDAB025F0D394000834AE /* PickDocumentCoordinator.swift */; };
		02B2C90D25F1F959008B72EF /* ScanDocumentCoordinator.swift in Sources */ = {isa = PBXBuildFile; fileRef = 02B2C90C25F1F959008B72EF /* ScanDocumentCoordinator.swift */; };
		2C8B3681A5047EB82E0DB67A /* libPods-Document Scanner.a in Frameworks */ = {isa = PBXBuildFile; fileRef = 2AE8BB2DBD682565F4428D74 /* libPods-Document Scanner.a */; };
/* End PBXBuildFile section */

/* Begin PBXFileReference section */
		0224719425F5E4E3007D70FC /* ScannerVC.swift */ = {isa = PBXFileReference; lastKnownFileType = sourcecode.swift; path = ScannerVC.swift; sourceTree = "<group>"; };
		0224719525F5E4E3007D70FC /* ScannerVC.xib */ = {isa = PBXFileReference; lastKnownFileType = file.xib; path = ScannerVC.xib; sourceTree = "<group>"; };
		022471A825F63731007D70FC /* EditImageVC.swift */ = {isa = PBXFileReference; lastKnownFileType = sourcecode.swift; path = EditImageVC.swift; sourceTree = "<group>"; };
		022471A925F63731007D70FC /* EditImageVC.xib */ = {isa = PBXFileReference; lastKnownFileType = file.xib; path = EditImageVC.xib; sourceTree = "<group>"; };
		025BDA8225F09AA1000834AE /* Document Scanner.app */ = {isa = PBXFileReference; explicitFileType = wrapper.application; includeInIndex = 0; path = "Document Scanner.app"; sourceTree = BUILT_PRODUCTS_DIR; };
		025BDA8525F09AA1000834AE /* AppDelegate.swift */ = {isa = PBXFileReference; lastKnownFileType = sourcecode.swift; path = AppDelegate.swift; sourceTree = "<group>"; };
		025BDA8725F09AA1000834AE /* SceneDelegate.swift */ = {isa = PBXFileReference; lastKnownFileType = sourcecode.swift; path = SceneDelegate.swift; sourceTree = "<group>"; };
		025BDA8925F09AA1000834AE /* ViewController.swift */ = {isa = PBXFileReference; lastKnownFileType = sourcecode.swift; path = ViewController.swift; sourceTree = "<group>"; };
		025BDA8C25F09AA1000834AE /* Base */ = {isa = PBXFileReference; lastKnownFileType = file.storyboard; name = Base; path = Base.lproj/Main.storyboard; sourceTree = "<group>"; };
		025BDA8E25F09AA6000834AE /* Assets.xcassets */ = {isa = PBXFileReference; lastKnownFileType = folder.assetcatalog; path = Assets.xcassets; sourceTree = "<group>"; };
		025BDA9125F09AA6000834AE /* Base */ = {isa = PBXFileReference; lastKnownFileType = file.storyboard; name = Base; path = Base.lproj/LaunchScreen.storyboard; sourceTree = "<group>"; };
		025BDA9325F09AA6000834AE /* Info.plist */ = {isa = PBXFileReference; lastKnownFileType = text.plist.xml; path = Info.plist; sourceTree = "<group>"; };
		025BDA9D25F09E12000834AE /* Coordinator.swift */ = {isa = PBXFileReference; lastKnownFileType = sourcecode.swift; path = Coordinator.swift; sourceTree = "<group>"; };
		025BDAA225F0A05E000834AE /* HomeViewController.swift */ = {isa = PBXFileReference; lastKnownFileType = sourcecode.swift; path = HomeViewController.swift; sourceTree = "<group>"; };
		025BDAA325F0A05E000834AE /* HomeViewController.xib */ = {isa = PBXFileReference; lastKnownFileType = file.xib; path = HomeViewController.xib; sourceTree = "<group>"; };
		025BDAA725F0A5B2000834AE /* ApplicationCoordinator.swift */ = {isa = PBXFileReference; lastKnownFileType = sourcecode.swift; path = ApplicationCoordinator.swift; sourceTree = "<group>"; };
		025BDAB025F0D394000834AE /* PickDocumentCoordinator.swift */ = {isa = PBXFileReference; lastKnownFileType = sourcecode.swift; path = PickDocumentCoordinator.swift; sourceTree = "<group>"; };
		02B2C90C25F1F959008B72EF /* ScanDocumentCoordinator.swift */ = {isa = PBXFileReference; lastKnownFileType = sourcecode.swift; path = ScanDocumentCoordinator.swift; sourceTree = "<group>"; };
		091CA3DF167A7F5E0B3F7B7E /* Pods-Document Scanner.release.xcconfig */ = {isa = PBXFileReference; includeInIndex = 1; lastKnownFileType = text.xcconfig; name = "Pods-Document Scanner.release.xcconfig"; path = "Target Support Files/Pods-Document Scanner/Pods-Document Scanner.release.xcconfig"; sourceTree = "<group>"; };
		2AE8BB2DBD682565F4428D74 /* libPods-Document Scanner.a */ = {isa = PBXFileReference; explicitFileType = archive.ar; includeInIndex = 0; path = "libPods-Document Scanner.a"; sourceTree = BUILT_PRODUCTS_DIR; };
		884AFBF96EDD573F7A96CAC1 /* Pods-Document Scanner.debug.xcconfig */ = {isa = PBXFileReference; includeInIndex = 1; lastKnownFileType = text.xcconfig; name = "Pods-Document Scanner.debug.xcconfig"; path = "Target Support Files/Pods-Document Scanner/Pods-Document Scanner.debug.xcconfig"; sourceTree = "<group>"; };
/* End PBXFileReference section */

/* Begin PBXFrameworksBuildPhase section */
		025BDA7F25F09AA1000834AE /* Frameworks */ = {
			isa = PBXFrameworksBuildPhase;
			buildActionMask = 2147483647;
			files = (
				2C8B3681A5047EB82E0DB67A /* libPods-Document Scanner.a in Frameworks */,
			);
			runOnlyForDeploymentPostprocessing = 0;
		};
/* End PBXFrameworksBuildPhase section */

/* Begin PBXGroup section */
		025BDA7925F09AA0000834AE = {
			isa = PBXGroup;
			children = (
				025BDA8425F09AA1000834AE /* Document Scanner */,
				025BDA8325F09AA1000834AE /* Products */,
				8FFBA49EBD6AE71463991EDC /* Pods */,
				4C0B03C443DA94E9FFA99851 /* Frameworks */,
			);
			sourceTree = "<group>";
		};
		025BDA8325F09AA1000834AE /* Products */ = {
			isa = PBXGroup;
			children = (
				025BDA8225F09AA1000834AE /* Document Scanner.app */,
			);
			name = Products;
			sourceTree = "<group>";
		};
		025BDA8425F09AA1000834AE /* Document Scanner */ = {
			isa = PBXGroup;
			children = (
				025BDAAB25F0B6E8000834AE /* CollectionViewCells */,
				025BDAA125F0A022000834AE /* ViewController */,
				025BDA9C25F09DF9000834AE /* Coordinators */,
				025BDA9A25F09BAC000834AE /* App files */,
				025BDA8925F09AA1000834AE /* ViewController.swift */,
				025BDA8B25F09AA1000834AE /* Main.storyboard */,
				025BDA8E25F09AA6000834AE /* Assets.xcassets */,
			);
			path = "Document Scanner";
			sourceTree = "<group>";
		};
		025BDA9A25F09BAC000834AE /* App files */ = {
			isa = PBXGroup;
			children = (
				025BDA8525F09AA1000834AE /* AppDelegate.swift */,
				025BDA8725F09AA1000834AE /* SceneDelegate.swift */,
				025BDA9025F09AA6000834AE /* LaunchScreen.storyboard */,
				025BDA9325F09AA6000834AE /* Info.plist */,
			);
			path = "App files";
			sourceTree = "<group>";
		};
		025BDA9C25F09DF9000834AE /* Coordinators */ = {
			isa = PBXGroup;
			children = (
				025BDA9D25F09E12000834AE /* Coordinator.swift */,
				025BDAA725F0A5B2000834AE /* ApplicationCoordinator.swift */,
				025BDAB025F0D394000834AE /* PickDocumentCoordinator.swift */,
				02B2C90C25F1F959008B72EF /* ScanDocumentCoordinator.swift */,
			);
			path = Coordinators;
			sourceTree = "<group>";
		};
		025BDAA125F0A022000834AE /* ViewController */ = {
			isa = PBXGroup;
			children = (
				025BDAA225F0A05E000834AE /* HomeViewController.swift */,
				025BDAA325F0A05E000834AE /* HomeViewController.xib */,
				0224719425F5E4E3007D70FC /* ScannerVC.swift */,
				0224719525F5E4E3007D70FC /* ScannerVC.xib */,
				022471A825F63731007D70FC /* EditImageVC.swift */,
				022471A925F63731007D70FC /* EditImageVC.xib */,
			);
			path = ViewController;
			sourceTree = "<group>";
		};
		025BDAAB25F0B6E8000834AE /* CollectionViewCells */ = {
			isa = PBXGroup;
			children = (
			);
			path = CollectionViewCells;
			sourceTree = "<group>";
		};
		4C0B03C443DA94E9FFA99851 /* Frameworks */ = {
			isa = PBXGroup;
			children = (
				2AE8BB2DBD682565F4428D74 /* libPods-Document Scanner.a */,
			);
			name = Frameworks;
			sourceTree = "<group>";
		};
		8FFBA49EBD6AE71463991EDC /* Pods */ = {
			isa = PBXGroup;
			children = (
				884AFBF96EDD573F7A96CAC1 /* Pods-Document Scanner.debug.xcconfig */,
				091CA3DF167A7F5E0B3F7B7E /* Pods-Document Scanner.release.xcconfig */,
			);
			path = Pods;
			sourceTree = "<group>";
		};
/* End PBXGroup section */

/* Begin PBXNativeTarget section */
		025BDA8125F09AA1000834AE /* Document Scanner */ = {
			isa = PBXNativeTarget;
			buildConfigurationList = 025BDA9625F09AA6000834AE /* Build configuration list for PBXNativeTarget "Document Scanner" */;
			buildPhases = (
				E099BA5590F922F048D847FB /* [CP] Check Pods Manifest.lock */,
				025BDA7E25F09AA1000834AE /* Sources */,
				025BDA7F25F09AA1000834AE /* Frameworks */,
				025BDA8025F09AA1000834AE /* Resources */,
				717A2C0563468C0D3F70833A /* [CP] Copy Pods Resources */,
			);
			buildRules = (
			);
			dependencies = (
			);
			name = "Document Scanner";
			productName = "Document Scanner";
			productReference = 025BDA8225F09AA1000834AE /* Document Scanner.app */;
			productType = "com.apple.product-type.application";
		};
/* End PBXNativeTarget section */

/* Begin PBXProject section */
		025BDA7A25F09AA0000834AE /* Project object */ = {
			isa = PBXProject;
			attributes = {
				LastSwiftUpdateCheck = 1240;
				LastUpgradeCheck = 1240;
				TargetAttributes = {
					025BDA8125F09AA1000834AE = {
						CreatedOnToolsVersion = 12.4;
					};
				};
			};
			buildConfigurationList = 025BDA7D25F09AA0000834AE /* Build configuration list for PBXProject "Document Scanner" */;
			compatibilityVersion = "Xcode 9.3";
			developmentRegion = en;
			hasScannedForEncodings = 0;
			knownRegions = (
				en,
				Base,
			);
			mainGroup = 025BDA7925F09AA0000834AE;
			productRefGroup = 025BDA8325F09AA1000834AE /* Products */;
			projectDirPath = "";
			projectRoot = "";
			targets = (
				025BDA8125F09AA1000834AE /* Document Scanner */,
			);
		};
/* End PBXProject section */

/* Begin PBXResourcesBuildPhase section */
		025BDA8025F09AA1000834AE /* Resources */ = {
			isa = PBXResourcesBuildPhase;
			buildActionMask = 2147483647;
			files = (
				025BDA9225F09AA6000834AE /* LaunchScreen.storyboard in Resources */,
				025BDA8F25F09AA6000834AE /* Assets.xcassets in Resources */,
				025BDA8D25F09AA1000834AE /* Main.storyboard in Resources */,
				025BDAA525F0A05E000834AE /* HomeViewController.xib in Resources */,
				022471AB25F63731007D70FC /* EditImageVC.xib in Resources */,
				0224719725F5E4E3007D70FC /* ScannerVC.xib in Resources */,
			);
			runOnlyForDeploymentPostprocessing = 0;
		};
/* End PBXResourcesBuildPhase section */

/* Begin PBXShellScriptBuildPhase section */
		717A2C0563468C0D3F70833A /* [CP] Copy Pods Resources */ = {
			isa = PBXShellScriptBuildPhase;
			buildActionMask = 2147483647;
			files = (
			);
			inputFileListPaths = (
				"${PODS_ROOT}/Target Support Files/Pods-Document Scanner/Pods-Document Scanner-resources-${CONFIGURATION}-input-files.xcfilelist",
			);
			name = "[CP] Copy Pods Resources";
			outputFileListPaths = (
				"${PODS_ROOT}/Target Support Files/Pods-Document Scanner/Pods-Document Scanner-resources-${CONFIGURATION}-output-files.xcfilelist",
			);
			runOnlyForDeploymentPostprocessing = 0;
			shellPath = /bin/sh;
			shellScript = "\"${PODS_ROOT}/Target Support Files/Pods-Document Scanner/Pods-Document Scanner-resources.sh\"\n";
			showEnvVarsInLog = 0;
		};
		E099BA5590F922F048D847FB /* [CP] Check Pods Manifest.lock */ = {
			isa = PBXShellScriptBuildPhase;
			buildActionMask = 2147483647;
			files = (
			);
			inputFileListPaths = (
			);
			inputPaths = (
				"${PODS_PODFILE_DIR_PATH}/Podfile.lock",
				"${PODS_ROOT}/Manifest.lock",
			);
			name = "[CP] Check Pods Manifest.lock";
			outputFileListPaths = (
			);
			outputPaths = (
				"$(DERIVED_FILE_DIR)/Pods-Document Scanner-checkManifestLockResult.txt",
			);
			runOnlyForDeploymentPostprocessing = 0;
			shellPath = /bin/sh;
			shellScript = "diff \"${PODS_PODFILE_DIR_PATH}/Podfile.lock\" \"${PODS_ROOT}/Manifest.lock\" > /dev/null\nif [ $? != 0 ] ; then\n    # print error to STDERR\n    echo \"error: The sandbox is not in sync with the Podfile.lock. Run 'pod install' or update your CocoaPods installation.\" >&2\n    exit 1\nfi\n# This output is used by Xcode 'outputs' to avoid re-running this script phase.\necho \"SUCCESS\" > \"${SCRIPT_OUTPUT_FILE_0}\"\n";
			showEnvVarsInLog = 0;
		};
/* End PBXShellScriptBuildPhase section */

/* Begin PBXSourcesBuildPhase section */
		025BDA7E25F09AA1000834AE /* Sources */ = {
			isa = PBXSourcesBuildPhase;
			buildActionMask = 2147483647;
			files = (
				022471AA25F63731007D70FC /* EditImageVC.swift in Sources */,
				02B2C90D25F1F959008B72EF /* ScanDocumentCoordinator.swift in Sources */,
				025BDAA425F0A05E000834AE /* HomeViewController.swift in Sources */,
				025BDA9E25F09E12000834AE /* Coordinator.swift in Sources */,
				025BDA8A25F09AA1000834AE /* ViewController.swift in Sources */,
				0224719625F5E4E3007D70FC /* ScannerVC.swift in Sources */,
				025BDA8625F09AA1000834AE /* AppDelegate.swift in Sources */,
				025BDA8825F09AA1000834AE /* SceneDelegate.swift in Sources */,
				025BDAB125F0D394000834AE /* PickDocumentCoordinator.swift in Sources */,
				025BDAA825F0A5B2000834AE /* ApplicationCoordinator.swift in Sources */,
			);
			runOnlyForDeploymentPostprocessing = 0;
		};
/* End PBXSourcesBuildPhase section */

/* Begin PBXVariantGroup section */
		025BDA8B25F09AA1000834AE /* Main.storyboard */ = {
			isa = PBXVariantGroup;
			children = (
				025BDA8C25F09AA1000834AE /* Base */,
			);
			name = Main.storyboard;
			sourceTree = "<group>";
		};
		025BDA9025F09AA6000834AE /* LaunchScreen.storyboard */ = {
			isa = PBXVariantGroup;
			children = (
				025BDA9125F09AA6000834AE /* Base */,
			);
			name = LaunchScreen.storyboard;
			sourceTree = "<group>";
		};
/* End PBXVariantGroup section */

/* Begin XCBuildConfiguration section */
		025BDA9425F09AA6000834AE /* Debug */ = {
			isa = XCBuildConfiguration;
			buildSettings = {
				ALWAYS_SEARCH_USER_PATHS = NO;
				CLANG_ANALYZER_NONNULL = YES;
				CLANG_ANALYZER_NUMBER_OBJECT_CONVERSION = YES_AGGRESSIVE;
				CLANG_CXX_LANGUAGE_STANDARD = "gnu++14";
				CLANG_CXX_LIBRARY = "libc++";
				CLANG_ENABLE_MODULES = YES;
				CLANG_ENABLE_OBJC_ARC = YES;
				CLANG_ENABLE_OBJC_WEAK = YES;
				CLANG_WARN_BLOCK_CAPTURE_AUTORELEASING = YES;
				CLANG_WARN_BOOL_CONVERSION = YES;
				CLANG_WARN_COMMA = YES;
				CLANG_WARN_CONSTANT_CONVERSION = YES;
				CLANG_WARN_DEPRECATED_OBJC_IMPLEMENTATIONS = YES;
				CLANG_WARN_DIRECT_OBJC_ISA_USAGE = YES_ERROR;
				CLANG_WARN_DOCUMENTATION_COMMENTS = YES;
				CLANG_WARN_EMPTY_BODY = YES;
				CLANG_WARN_ENUM_CONVERSION = YES;
				CLANG_WARN_INFINITE_RECURSION = YES;
				CLANG_WARN_INT_CONVERSION = YES;
				CLANG_WARN_NON_LITERAL_NULL_CONVERSION = YES;
				CLANG_WARN_OBJC_IMPLICIT_RETAIN_SELF = YES;
				CLANG_WARN_OBJC_LITERAL_CONVERSION = YES;
				CLANG_WARN_OBJC_ROOT_CLASS = YES_ERROR;
				CLANG_WARN_QUOTED_INCLUDE_IN_FRAMEWORK_HEADER = YES;
				CLANG_WARN_RANGE_LOOP_ANALYSIS = YES;
				CLANG_WARN_STRICT_PROTOTYPES = YES;
				CLANG_WARN_SUSPICIOUS_MOVE = YES;
				CLANG_WARN_UNGUARDED_AVAILABILITY = YES_AGGRESSIVE;
				CLANG_WARN_UNREACHABLE_CODE = YES;
				CLANG_WARN__DUPLICATE_METHOD_MATCH = YES;
				COPY_PHASE_STRIP = NO;
				DEBUG_INFORMATION_FORMAT = dwarf;
				ENABLE_STRICT_OBJC_MSGSEND = YES;
				ENABLE_TESTABILITY = YES;
				GCC_C_LANGUAGE_STANDARD = gnu11;
				GCC_DYNAMIC_NO_PIC = NO;
				GCC_NO_COMMON_BLOCKS = YES;
				GCC_OPTIMIZATION_LEVEL = 0;
				GCC_PREPROCESSOR_DEFINITIONS = (
					"DEBUG=1",
					"$(inherited)",
				);
				GCC_WARN_64_TO_32_BIT_CONVERSION = YES;
				GCC_WARN_ABOUT_RETURN_TYPE = YES_ERROR;
				GCC_WARN_UNDECLARED_SELECTOR = YES;
				GCC_WARN_UNINITIALIZED_AUTOS = YES_AGGRESSIVE;
				GCC_WARN_UNUSED_FUNCTION = YES;
				GCC_WARN_UNUSED_VARIABLE = YES;
				IPHONEOS_DEPLOYMENT_TARGET = 14.4;
				MTL_ENABLE_DEBUG_INFO = INCLUDE_SOURCE;
				MTL_FAST_MATH = YES;
				ONLY_ACTIVE_ARCH = YES;
				SDKROOT = iphoneos;
				SWIFT_ACTIVE_COMPILATION_CONDITIONS = DEBUG;
				SWIFT_OPTIMIZATION_LEVEL = "-Onone";
			};
			name = Debug;
		};
		025BDA9525F09AA6000834AE /* Release */ = {
			isa = XCBuildConfiguration;
			buildSettings = {
				ALWAYS_SEARCH_USER_PATHS = NO;
				CLANG_ANALYZER_NONNULL = YES;
				CLANG_ANALYZER_NUMBER_OBJECT_CONVERSION = YES_AGGRESSIVE;
				CLANG_CXX_LANGUAGE_STANDARD = "gnu++14";
				CLANG_CXX_LIBRARY = "libc++";
				CLANG_ENABLE_MODULES = YES;
				CLANG_ENABLE_OBJC_ARC = YES;
				CLANG_ENABLE_OBJC_WEAK = YES;
				CLANG_WARN_BLOCK_CAPTURE_AUTORELEASING = YES;
				CLANG_WARN_BOOL_CONVERSION = YES;
				CLANG_WARN_COMMA = YES;
				CLANG_WARN_CONSTANT_CONVERSION = YES;
				CLANG_WARN_DEPRECATED_OBJC_IMPLEMENTATIONS = YES;
				CLANG_WARN_DIRECT_OBJC_ISA_USAGE = YES_ERROR;
				CLANG_WARN_DOCUMENTATION_COMMENTS = YES;
				CLANG_WARN_EMPTY_BODY = YES;
				CLANG_WARN_ENUM_CONVERSION = YES;
				CLANG_WARN_INFINITE_RECURSION = YES;
				CLANG_WARN_INT_CONVERSION = YES;
				CLANG_WARN_NON_LITERAL_NULL_CONVERSION = YES;
				CLANG_WARN_OBJC_IMPLICIT_RETAIN_SELF = YES;
				CLANG_WARN_OBJC_LITERAL_CONVERSION = YES;
				CLANG_WARN_OBJC_ROOT_CLASS = YES_ERROR;
				CLANG_WARN_QUOTED_INCLUDE_IN_FRAMEWORK_HEADER = YES;
				CLANG_WARN_RANGE_LOOP_ANALYSIS = YES;
				CLANG_WARN_STRICT_PROTOTYPES = YES;
				CLANG_WARN_SUSPICIOUS_MOVE = YES;
				CLANG_WARN_UNGUARDED_AVAILABILITY = YES_AGGRESSIVE;
				CLANG_WARN_UNREACHABLE_CODE = YES;
				CLANG_WARN__DUPLICATE_METHOD_MATCH = YES;
				COPY_PHASE_STRIP = NO;
				DEBUG_INFORMATION_FORMAT = "dwarf-with-dsym";
				ENABLE_NS_ASSERTIONS = NO;
				ENABLE_STRICT_OBJC_MSGSEND = YES;
				GCC_C_LANGUAGE_STANDARD = gnu11;
				GCC_NO_COMMON_BLOCKS = YES;
				GCC_WARN_64_TO_32_BIT_CONVERSION = YES;
				GCC_WARN_ABOUT_RETURN_TYPE = YES_ERROR;
				GCC_WARN_UNDECLARED_SELECTOR = YES;
				GCC_WARN_UNINITIALIZED_AUTOS = YES_AGGRESSIVE;
				GCC_WARN_UNUSED_FUNCTION = YES;
				GCC_WARN_UNUSED_VARIABLE = YES;
				IPHONEOS_DEPLOYMENT_TARGET = 14.4;
				MTL_ENABLE_DEBUG_INFO = NO;
				MTL_FAST_MATH = YES;
				SDKROOT = iphoneos;
				SWIFT_COMPILATION_MODE = wholemodule;
				SWIFT_OPTIMIZATION_LEVEL = "-O";
				VALIDATE_PRODUCT = YES;
			};
			name = Release;
		};
		025BDA9725F09AA6000834AE /* Debug */ = {
			isa = XCBuildConfiguration;
			baseConfigurationReference = 884AFBF96EDD573F7A96CAC1 /* Pods-Document Scanner.debug.xcconfig */;
			buildSettings = {
				ASSETCATALOG_COMPILER_APPICON_NAME = AppIcon;
				ASSETCATALOG_COMPILER_GLOBAL_ACCENT_COLOR_NAME = AccentColor;
				CODE_SIGN_IDENTITY = "iPhone Developer";
				CODE_SIGN_STYLE = Manual;
				DEVELOPMENT_TEAM = 7QZND9GRW9;
				INFOPLIST_FILE = "Document Scanner/App files/Info.plist";
				LD_RUNPATH_SEARCH_PATHS = (
					"$(inherited)",
					"@executable_path/Frameworks",
				);
				PRODUCT_BUNDLE_IDENTIFIER = com.triviatribe.scanner;
				PRODUCT_NAME = "$(TARGET_NAME)";
				PROVISIONING_PROFILE_SPECIFIER = "Scanner Development Profile";
				SWIFT_VERSION = 5.0;
				TARGETED_DEVICE_FAMILY = "1,2";
			};
			name = Debug;
		};
		025BDA9825F09AA6000834AE /* Release */ = {
			isa = XCBuildConfiguration;
			baseConfigurationReference = 091CA3DF167A7F5E0B3F7B7E /* Pods-Document Scanner.release.xcconfig */;
			buildSettings = {
				ASSETCATALOG_COMPILER_APPICON_NAME = AppIcon;
				ASSETCATALOG_COMPILER_GLOBAL_ACCENT_COLOR_NAME = AccentColor;
				CODE_SIGN_IDENTITY = "iPhone Distribution";
				CODE_SIGN_STYLE = Manual;
				DEVELOPMENT_TEAM = 7QZND9GRW9;
				INFOPLIST_FILE = "Document Scanner/App files/Info.plist";
				LD_RUNPATH_SEARCH_PATHS = (
					"$(inherited)",
					"@executable_path/Frameworks",
				);
				PRODUCT_BUNDLE_IDENTIFIER = com.triviatribe.scanner;
				PRODUCT_NAME = "$(TARGET_NAME)";
				PROVISIONING_PROFILE_SPECIFIER = Scanner_Appstore_Profile;
				SWIFT_VERSION = 5.0;
				TARGETED_DEVICE_FAMILY = "1,2";
			};
			name = Release;
		};
/* End XCBuildConfiguration section */

/* Begin XCConfigurationList section */
		025BDA7D25F09AA0000834AE /* Build configuration list for PBXProject "Document Scanner" */ = {
			isa = XCConfigurationList;
			buildConfigurations = (
				025BDA9425F09AA6000834AE /* Debug */,
				025BDA9525F09AA6000834AE /* Release */,
			);
			defaultConfigurationIsVisible = 0;
			defaultConfigurationName = Release;
		};
		025BDA9625F09AA6000834AE /* Build configuration list for PBXNativeTarget "Document Scanner" */ = {
			isa = XCConfigurationList;
			buildConfigurations = (
				025BDA9725F09AA6000834AE /* Debug */,
				025BDA9825F09AA6000834AE /* Release */,
			);
			defaultConfigurationIsVisible = 0;
			defaultConfigurationName = Release;
		};
/* End XCConfigurationList section */
	};
	rootObject = 025BDA7A25F09AA0000834AE /* Project object */;
}
